{
  "pins" : [
    {
      "identity" : "autolayouthelpers",
      "kind" : "remoteSourceControl",
      "location" : "https://github.com/Gabardone/AutoLayoutHelpers",
      "state" : {
        "revision" : "45989dc5b65c6ab34f40beaf3cf1f8fb991d0730",
        "version" : "1.2.2"
      }
    },
    {
      "identity" : "iutilitis",
      "kind" : "remoteSourceControl",
      "location" : "https://github.com/Gabardone/Iutilitis",
      "state" : {
        "revision" : "ebd7b676fbcf048327afc1da954a1dded6909564",
        "version" : "0.0.1"
      }
    }
  ],
  "version" : 2
}
